
Microsoft Visual Studio Solution File, Format Version 12.00
# Visual Studio Version 17
VisualStudioVersion = 17.0.31903.59
MinimumVisualStudioVersion = 10.0.40219.1
Project("{2150E333-8FDC-42A3-9474-1A3956D46DE8}") = "src", "src", "{827E0CD3-B72D-47B6-A68D-7590B98EB39B}"
EndProject
Project("{FAE04EC0-301F-11D3-BF4B-00C04F79EFBC}") = "Flagbit.Api", "src\Flagbit.Api\Flagbit.Api.csproj", "{F82AD633-E8C4-4B37-9FC8-4214E3A7D670}"
EndProject
Project("{FAE04EC0-301F-11D3-BF4B-00C04F79EFBC}") = "Flagbit.Core", "src\Flagbit.Core\Flagbit.Core.csproj", "{AC3B9311-8D93-4389-9235-54EB76256412}"
EndProject
Project("{FAE04EC0-301F-11D3-BF4B-00C04F79EFBC}") = "Flagbit.Infrastructure", "src\Flagbit.Infrastructure\Flagbit.Infrastructure.csproj", "{E536131D-7076-441B-A3AD-40F3574BD233}"
EndProject
Project("{FAE04EC0-301F-11D3-BF4B-00C04F79EFBC}") = "Flagbit.Sdk", "src\Flagbit.Sdk\Flagbit.Sdk.csproj", "{6FE5464E-1128-4115-A4F1-B85CFBA897B6}"
EndProject
Project("{2150E333-8FDC-42A3-9474-1A3956D46DE8}") = "samples", "samples", "{5D20AA90-6969-D8BD-9DCD-8634F4692FDA}"
EndProject
Project("{FAE04EC0-301F-11D3-BF4B-00C04F79EFBC}") = "Flagbit.SampleApi", "samples\Flagbit.SampleApi\Flagbit.SampleApi.csproj", "{BD8A44D9-8FAE-4C41-854D-1E2DAD5F625B}"
EndProject
Project("{2150E333-8FDC-42A3-9474-1A3956D46DE8}") = "tests", "tests", "{0AB3BF05-4346-4AA6-1389-037BE0695223}"
EndProject
Project("{FAE04EC0-301F-11D3-BF4B-00C04F79EFBC}") = "Flagbit.Api.Tests", "tests\Flagbit.Api.Tests\Flagbit.Api.Tests.csproj", "{4FD1D6FB-A084-41A0-B723-B651F6B00803}"
EndProject
Project("{FAE04EC0-301F-11D3-BF4B-00C04F79EFBC}") = "Flagbit.Sdk.Tests", "tests\Flagbit.Sdk.Tests\Flagbit.Sdk.Tests.csproj", "{F39C28D8-C419-411D-BF9F-8BE1D0B7D0B6}"
EndProject
Global
	GlobalSection(SolutionConfigurationPlatforms) = preSolution
		Debug|Any CPU = Debug|Any CPU
		Debug|x64 = Debug|x64
		Debug|x86 = Debug|x86
		Release|Any CPU = Release|Any CPU
		Release|x64 = Release|x64
		Release|x86 = Release|x86
	EndGlobalSection
	GlobalSection(ProjectConfigurationPlatforms) = postSolution
		{F82AD633-E8C4-4B37-9FC8-4214E3A7D670}.Debug|Any CPU.ActiveCfg = Debug|Any CPU
		{F82AD633-E8C4-4B37-9FC8-4214E3A7D670}.Debug|Any CPU.Build.0 = Debug|Any CPU
		{F82AD633-E8C4-4B37-9FC8-4214E3A7D670}.Debug|x64.ActiveCfg = Debug|Any CPU
		{F82AD633-E8C4-4B37-9FC8-4214E3A7D670}.Debug|x64.Build.0 = Debug|Any CPU
		{F82AD633-E8C4-4B37-9FC8-4214E3A7D670}.Debug|x86.ActiveCfg = Debug|Any CPU
		{F82AD633-E8C4-4B37-9FC8-4214E3A7D670}.Debug|x86.Build.0 = Debug|Any CPU
		{F82AD633-E8C4-4B37-9FC8-4214E3A7D670}.Release|Any CPU.ActiveCfg = Release|Any CPU
		{F82AD633-E8C4-4B37-9FC8-4214E3A7D670}.Release|Any CPU.Build.0 = Release|Any CPU
		{F82AD633-E8C4-4B37-9FC8-4214E3A7D670}.Release|x64.ActiveCfg = Release|Any CPU
		{F82AD633-E8C4-4B37-9FC8-4214E3A7D670}.Release|x64.Build.0 = Release|Any CPU
		{F82AD633-E8C4-4B37-9FC8-4214E3A7D670}.Release|x86.ActiveCfg = Release|Any CPU
		{F82AD633-E8C4-4B37-9FC8-4214E3A7D670}.Release|x86.Build.0 = Release|Any CPU
		{AC3B9311-8D93-4389-9235-54EB76256412}.Debug|Any CPU.ActiveCfg = Debug|Any CPU
		{AC3B9311-8D93-4389-9235-54EB76256412}.Debug|Any CPU.Build.0 = Debug|Any CPU
		{AC3B9311-8D93-4389-9235-54EB76256412}.Debug|x64.ActiveCfg = Debug|Any CPU
		{AC3B9311-8D93-4389-9235-54EB76256412}.Debug|x64.Build.0 = Debug|Any CPU
		{AC3B9311-8D93-4389-9235-54EB76256412}.Debug|x86.ActiveCfg = Debug|Any CPU
		{AC3B9311-8D93-4389-9235-54EB76256412}.Debug|x86.Build.0 = Debug|Any CPU
		{AC3B9311-8D93-4389-9235-54EB76256412}.Release|Any CPU.ActiveCfg = Release|Any CPU
		{AC3B9311-8D93-4389-9235-54EB76256412}.Release|Any CPU.Build.0 = Release|Any CPU
		{AC3B9311-8D93-4389-9235-54EB76256412}.Release|x64.ActiveCfg = Release|Any CPU
		{AC3B9311-8D93-4389-9235-54EB76256412}.Release|x64.Build.0 = Release|Any CPU
		{AC3B9311-8D93-4389-9235-54EB76256412}.Release|x86.ActiveCfg = Release|Any CPU
		{AC3B9311-8D93-4389-9235-54EB76256412}.Release|x86.Build.0 = Release|Any CPU
		{E536131D-7076-441B-A3AD-40F3574BD233}.Debug|Any CPU.ActiveCfg = Debug|Any CPU
		{E536131D-7076-441B-A3AD-40F3574BD233}.Debug|Any CPU.Build.0 = Debug|Any CPU
		{E536131D-7076-441B-A3AD-40F3574BD233}.Debug|x64.ActiveCfg = Debug|Any CPU
		{E536131D-7076-441B-A3AD-40F3574BD233}.Debug|x64.Build.0 = Debug|Any CPU
		{E536131D-7076-441B-A3AD-40F3574BD233}.Debug|x86.ActiveCfg = Debug|Any CPU
		{E536131D-7076-441B-A3AD-40F3574BD233}.Debug|x86.Build.0 = Debug|Any CPU
		{E536131D-7076-441B-A3AD-40F3574BD233}.Release|Any CPU.ActiveCfg = Release|Any CPU
		{E536131D-7076-441B-A3AD-40F3574BD233}.Release|Any CPU.Build.0 = Release|Any CPU
		{E536131D-7076-441B-A3AD-40F3574BD233}.Release|x64.ActiveCfg = Release|Any CPU
		{E536131D-7076-441B-A3AD-40F3574BD233}.Release|x64.Build.0 = Release|Any CPU
		{E536131D-7076-441B-A3AD-40F3574BD233}.Release|x86.ActiveCfg = Release|Any CPU
		{E536131D-7076-441B-A3AD-40F3574BD233}.Release|x86.Build.0 = Release|Any CPU
		{6FE5464E-1128-4115-A4F1-B85CFBA897B6}.Debug|Any CPU.ActiveCfg = Debug|Any CPU
		{6FE5464E-1128-4115-A4F1-B85CFBA897B6}.Debug|Any CPU.Build.0 = Debug|Any CPU
		{6FE5464E-1128-4115-A4F1-B85CFBA897B6}.Debug|x64.ActiveCfg = Debug|Any CPU
		{6FE5464E-1128-4115-A4F1-B85CFBA897B6}.Debug|x64.Build.0 = Debug|Any CPU
		{6FE5464E-1128-4115-A4F1-B85CFBA897B6}.Debug|x86.ActiveCfg = Debug|Any CPU
		{6FE5464E-1128-4115-A4F1-B85CFBA897B6}.Debug|x86.Build.0 = Debug|Any CPU
		{6FE5464E-1128-4115-A4F1-B85CFBA897B6}.Release|Any CPU.ActiveCfg = Release|Any CPU
		{6FE5464E-1128-4115-A4F1-B85CFBA897B6}.Release|Any CPU.Build.0 = Release|Any CPU
		{6FE5464E-1128-4115-A4F1-B85CFBA897B6}.Release|x64.ActiveCfg = Release|Any CPU
		{6FE5464E-1128-4115-A4F1-B85CFBA897B6}.Release|x64.Build.0 = Release|Any CPU
		{6FE5464E-1128-4115-A4F1-B85CFBA897B6}.Release|x86.ActiveCfg = Release|Any CPU
		{6FE5464E-1128-4115-A4F1-B85CFBA897B6}.Release|x86.Build.0 = Release|Any CPU
		{BD8A44D9-8FAE-4C41-854D-1E2DAD5F625B}.Debug|Any CPU.ActiveCfg = Debug|Any CPU
		{BD8A44D9-8FAE-4C41-854D-1E2DAD5F625B}.Debug|Any CPU.Build.0 = Debug|Any CPU
		{BD8A44D9-8FAE-4C41-854D-1E2DAD5F625B}.Debug|x64.ActiveCfg = Debug|Any CPU
		{BD8A44D9-8FAE-4C41-854D-1E2DAD5F625B}.Debug|x64.Build.0 = Debug|Any CPU
		{BD8A44D9-8FAE-4C41-854D-1E2DAD5F625B}.Debug|x86.ActiveCfg = Debug|Any CPU
		{BD8A44D9-8FAE-4C41-854D-1E2DAD5F625B}.Debug|x86.Build.0 = Debug|Any CPU
		{BD8A44D9-8FAE-4C41-854D-1E2DAD5F625B}.Release|Any CPU.ActiveCfg = Release|Any CPU
		{BD8A44D9-8FAE-4C41-854D-1E2DAD5F625B}.Release|Any CPU.Build.0 = Release|Any CPU
		{BD8A44D9-8FAE-4C41-854D-1E2DAD5F625B}.Release|x64.ActiveCfg = Release|Any CPU
		{BD8A44D9-8FAE-4C41-854D-1E2DAD5F625B}.Release|x64.Build.0 = Release|Any CPU
		{BD8A44D9-8FAE-4C41-854D-1E2DAD5F625B}.Release|x86.ActiveCfg = Release|Any CPU
		{BD8A44D9-8FAE-4C41-854D-1E2DAD5F625B}.Release|x86.Build.0 = Release|Any CPU
		{4FD1D6FB-A084-41A0-B723-B651F6B00803}.Debug|Any CPU.ActiveCfg = Debug|Any CPU
		{4FD1D6FB-A084-41A0-B723-B651F6B00803}.Debug|Any CPU.Build.0 = Debug|Any CPU
		{4FD1D6FB-A084-41A0-B723-B651F6B00803}.Debug|x64.ActiveCfg = Debug|Any CPU
		{4FD1D6FB-A084-41A0-B723-B651F6B00803}.Debug|x64.Build.0 = Debug|Any CPU
		{4FD1D6FB-A084-41A0-B723-B651F6B00803}.Debug|x86.ActiveCfg = Debug|Any CPU
		{4FD1D6FB-A084-41A0-B723-B651F6B00803}.Debug|x86.Build.0 = Debug|Any CPU
		{4FD1D6FB-A084-41A0-B723-B651F6B00803}.Release|Any CPU.ActiveCfg = Release|Any CPU
		{4FD1D6FB-A084-41A0-B723-B651F6B00803}.Release|Any CPU.Build.0 = Release|Any CPU
		{4FD1D6FB-A084-41A0-B723-B651F6B00803}.Release|x64.ActiveCfg = Release|Any CPU
		{4FD1D6FB-A084-41A0-B723-B651F6B00803}.Release|x64.Build.0 = Release|Any CPU
		{4FD1D6FB-A084-41A0-B723-B651F6B00803}.Release|x86.ActiveCfg = Release|Any CPU
		{4FD1D6FB-A084-41A0-B723-B651F6B00803}.Release|x86.Build.0 = Release|Any CPU
		{F39C28D8-C419-411D-BF9F-8BE1D0B7D0B6}.Debug|Any CPU.ActiveCfg = Debug|Any CPU
		{F39C28D8-C419-411D-BF9F-8BE1D0B7D0B6}.Debug|Any CPU.Build.0 = Debug|Any CPU
		{F39C28D8-C419-411D-BF9F-8BE1D0B7D0B6}.Debug|x64.ActiveCfg = Debug|Any CPU
		{F39C28D8-C419-411D-BF9F-8BE1D0B7D0B6}.Debug|x64.Build.0 = Debug|Any CPU
		{F39C28D8-C419-411D-BF9F-8BE1D0B7D0B6}.Debug|x86.ActiveCfg = Debug|Any CPU
		{F39C28D8-C419-411D-BF9F-8BE1D0B7D0B6}.Debug|x86.Build.0 = Debug|Any CPU
		{F39C28D8-C419-411D-BF9F-8BE1D0B7D0B6}.Release|Any CPU.ActiveCfg = Release|Any CPU
		{F39C28D8-C419-411D-BF9F-8BE1D0B7D0B6}.Release|Any CPU.Build.0 = Release|Any CPU
		{F39C28D8-C419-411D-BF9F-8BE1D0B7D0B6}.Release|x64.ActiveCfg = Release|Any CPU
		{F39C28D8-C419-411D-BF9F-8BE1D0B7D0B6}.Release|x64.Build.0 = Release|Any CPU
		{F39C28D8-C419-411D-BF9F-8BE1D0B7D0B6}.Release|x86.ActiveCfg = Release|Any CPU
		{F39C28D8-C419-411D-BF9F-8BE1D0B7D0B6}.Release|x86.Build.0 = Release|Any CPU
	EndGlobalSection
	GlobalSection(SolutionProperties) = preSolution
		HideSolutionNode = FALSE
	EndGlobalSection
	GlobalSection(NestedProjects) = preSolution
		{F82AD633-E8C4-4B37-9FC8-4214E3A7D670} = {827E0CD3-B72D-47B6-A68D-7590B98EB39B}
		{AC3B9311-8D93-4389-9235-54EB76256412} = {827E0CD3-B72D-47B6-A68D-7590B98EB39B}
		{E536131D-7076-441B-A3AD-40F3574BD233} = {827E0CD3-B72D-47B6-A68D-7590B98EB39B}
		{6FE5464E-1128-4115-A4F1-B85CFBA897B6} = {827E0CD3-B72D-47B6-A68D-7590B98EB39B}
		{BD8A44D9-8FAE-4C41-854D-1E2DAD5F625B} = {5D20AA90-6969-D8BD-9DCD-8634F4692FDA}
		{4FD1D6FB-A084-41A0-B723-B651F6B00803} = {0AB3BF05-4346-4AA6-1389-037BE0695223}
		{F39C28D8-C419-411D-BF9F-8BE1D0B7D0B6} = {0AB3BF05-4346-4AA6-1389-037BE0695223}
	EndGlobalSection
EndGlobal
